
Microsoft Visual Studio Solution File, Format Version 12.00
# Visual Studio Version 17
VisualStudioVersion = 17.2.32519.379
MinimumVisualStudioVersion = 10.0.40219.1
Project("{FAE04EC0-301F-11D3-BF4B-00C04F79EFBC}") = "IdentityMVC", "IdentityMVC\IdentityMVC.csproj", "{1E7FD1E3-15B1-4606-83B3-9F4AA55A0B12}"
EndProject
Global
	GlobalSection(SolutionConfigurationPlatforms) = preSolution
		Debug|Any CPU = Debug|Any CPU
		Release|Any CPU = Release|Any CPU
	EndGlobalSection
	GlobalSection(ProjectConfigurationPlatforms) = postSolution
		{1E7FD1E3-15B1-4606-83B3-9F4AA55A0B12}.Debug|Any CPU.ActiveCfg = Debug|Any CPU
		{1E7FD1E3-15B1-4606-83B3-9F4AA55A0B12}.Debug|Any CPU.Build.0 = Debug|Any CPU
		{1E7FD1E3-15B1-4606-83B3-9F4AA55A0B12}.Release|Any CPU.ActiveCfg = Release|Any CPU
		{1E7FD1E3-15B1-4606-83B3-9F4AA55A0B12}.Release|Any CPU.Build.0 = Release|Any CPU
	EndGlobalSection
	GlobalSection(SolutionProperties) = preSolution
		HideSolutionNode = FALSE
	EndGlobalSection
	GlobalSection(ExtensibilityGlobals) = postSolution
		SolutionGuid = {E6A5B156-92CB-41F1-AC17-38381FB0E281}
	EndGlobalSection
EndGlobal
